
Microsoft Visual Studio Solution File, Format Version 12.00
# Visual Studio Version 16
VisualStudioVersion = 25.0.1706.0
MinimumVisualStudioVersion = 10.0.40219.1
Project("{FAE04EC0-301F-11D3-BF4B-00C04F79EFBC}") = "old_school_crypto", "old_school_crypto.csproj", "{A105EEC6-0224-46A7-967D-808DECC57F85}"
EndProject
Global
	GlobalSection(SolutionConfigurationPlatforms) = preSolution
		Debug|Any CPU = Debug|Any CPU
		Release|Any CPU = Release|Any CPU
	EndGlobalSection
	GlobalSection(ProjectConfigurationPlatforms) = postSolution
		{A105EEC6-0224-46A7-967D-808DECC57F85}.Debug|Any CPU.ActiveCfg = Debug|Any CPU
		{A105EEC6-0224-46A7-967D-808DECC57F85}.Debug|Any CPU.Build.0 = Debug|Any CPU
		{A105EEC6-0224-46A7-967D-808DECC57F85}.Release|Any CPU.ActiveCfg = Release|Any CPU
		{A105EEC6-0224-46A7-967D-808DECC57F85}.Release|Any CPU.Build.0 = Release|Any CPU
	EndGlobalSection
	GlobalSection(SolutionProperties) = preSolution
		HideSolutionNode = FALSE
	EndGlobalSection
	GlobalSection(ExtensibilityGlobals) = postSolution
		SolutionGuid = {5A96356F-618A-40C3-8AE2-939D8ED6FC09}
	EndGlobalSection
EndGlobal
